
Microsoft Visual Studio Solution File, Format Version 12.00
# Visual Studio Version 16
VisualStudioVersion = 16.0.30002.166
MinimumVisualStudioVersion = 10.0.40219.1
Project("{FAE04EC0-301F-11D3-BF4B-00C04F79EFBC}") = "WebApplication1", "WebApplication1\WebApplication1.csproj", "{67F9737F-625A-4B3B-92A6-3F4F55AFF1D8}"
EndProject
Project("{FAE04EC0-301F-11D3-BF4B-00C04F79EFBC}") = "Template_Demo_Test", "Template_Demo_Test\Template_Demo_Test.csproj", "{CD4E5F1A-4650-40C8-A959-C84BA20C2E16}"
EndProject
Global
	GlobalSection(SolutionConfigurationPlatforms) = preSolution
		Debug|Any CPU = Debug|Any CPU
		Release|Any CPU = Release|Any CPU
	EndGlobalSection
	GlobalSection(ProjectConfigurationPlatforms) = postSolution
		{67F9737F-625A-4B3B-92A6-3F4F55AFF1D8}.Debug|Any CPU.ActiveCfg = Debug|Any CPU
		{67F9737F-625A-4B3B-92A6-3F4F55AFF1D8}.Debug|Any CPU.Build.0 = Debug|Any CPU
		{67F9737F-625A-4B3B-92A6-3F4F55AFF1D8}.Release|Any CPU.ActiveCfg = Release|Any CPU
		{67F9737F-625A-4B3B-92A6-3F4F55AFF1D8}.Release|Any CPU.Build.0 = Release|Any CPU
		{CD4E5F1A-4650-40C8-A959-C84BA20C2E16}.Debug|Any CPU.ActiveCfg = Debug|Any CPU
		{CD4E5F1A-4650-40C8-A959-C84BA20C2E16}.Debug|Any CPU.Build.0 = Debug|Any CPU
		{CD4E5F1A-4650-40C8-A959-C84BA20C2E16}.Release|Any CPU.ActiveCfg = Release|Any CPU
		{CD4E5F1A-4650-40C8-A959-C84BA20C2E16}.Release|Any CPU.Build.0 = Release|Any CPU
	EndGlobalSection
	GlobalSection(SolutionProperties) = preSolution
		HideSolutionNode = FALSE
	EndGlobalSection
	GlobalSection(ExtensibilityGlobals) = postSolution
		SolutionGuid = {1ACCE113-2409-44BA-A88E-6ECF9E391610}
	EndGlobalSection
EndGlobal
